// !$*UTF8*$!
{
	archiveVersion = 1;
	classes = {
	};
	objectVersion = 46;
	objects = {

/* Begin PBXBuildFile section */
		4806B4861D988E9D005097B3 /* TabState.swift in Sources */ = {isa = PBXBuildFile; fileRef = 4806B4851D988E9D005097B3 /* TabState.swift */; };
		4838A4431D983B580055ED50 /* AppDelegate.swift in Sources */ = {isa = PBXBuildFile; fileRef = 4838A4421D983B580055ED50 /* AppDelegate.swift */; };
		4838A4451D983B580055ED50 /* ViewController.swift in Sources */ = {isa = PBXBuildFile; fileRef = 4838A4441D983B580055ED50 /* ViewController.swift */; };
		4838A4481D983B580055ED50 /* Main.storyboard in Resources */ = {isa = PBXBuildFile; fileRef = 4838A4461D983B580055ED50 /* Main.storyboard */; };
		4838A44A1D983B580055ED50 /* Assets.xcassets in Resources */ = {isa = PBXBuildFile; fileRef = 4838A4491D983B580055ED50 /* Assets.xcassets */; };
		4838A44D1D983B580055ED50 /* LaunchScreen.storyboard in Resources */ = {isa = PBXBuildFile; fileRef = 4838A44B1D983B580055ED50 /* LaunchScreen.storyboard */; };
		4838A4581D983B580055ED50 /* TabSwitcherTests.swift in Sources */ = {isa = PBXBuildFile; fileRef = 4838A4571D983B580055ED50 /* TabSwitcherTests.swift */; };
		4838A4631D983B580055ED50 /* TabSwitcherUITests.swift in Sources */ = {isa = PBXBuildFile; fileRef = 4838A4621D983B580055ED50 /* TabSwitcherUITests.swift */; };
		4838A4711D9840C40055ED50 /* TabButton.swift in Sources */ = {isa = PBXBuildFile; fileRef = 4838A4701D9840C40055ED50 /* TabButton.swift */; };
		4838A47B1D9848B80055ED50 /* Cartography.framework in Embed Frameworks */ = {isa = PBXBuildFile; fileRef = 4838A4731D9840DB0055ED50 /* Cartography.framework */; settings = {ATTRIBUTES = (CodeSignOnCopy, RemoveHeadersOnCopy, ); }; };
/* End PBXBuildFile section */

/* Begin PBXContainerItemProxy section */
		4838A4541D983B580055ED50 /* PBXContainerItemProxy */ = {
			isa = PBXContainerItemProxy;
			containerPortal = 4838A4371D983B570055ED50 /* Project object */;
			proxyType = 1;
			remoteGlobalIDString = 4838A43E1D983B570055ED50;
			remoteInfo = TabSwitcher;
		};
		4838A45F1D983B580055ED50 /* PBXContainerItemProxy */ = {
			isa = PBXContainerItemProxy;
			containerPortal = 4838A4371D983B570055ED50 /* Project object */;
			proxyType = 1;
			remoteGlobalIDString = 4838A43E1D983B570055ED50;
			remoteInfo = TabSwitcher;
		};
/* End PBXContainerItemProxy section */

/* Begin PBXCopyFilesBuildPhase section */
		4838A4781D9848670055ED50 /* CopyFiles */ = {
			isa = PBXCopyFilesBuildPhase;
			buildActionMask = 12;
			dstPath = "";
			dstSubfolderSpec = 7;
			files = (
			);
			runOnlyForDeploymentPostprocessing = 0;
		};
		4838A47C1D9848B80055ED50 /* Embed Frameworks */ = {
			isa = PBXCopyFilesBuildPhase;
			buildActionMask = 2147483647;
			dstPath = "";
			dstSubfolderSpec = 10;
			files = (
				4838A47B1D9848B80055ED50 /* Cartography.framework in Embed Frameworks */,
			);
			name = "Embed Frameworks";
			runOnlyForDeploymentPostprocessing = 0;
		};
/* End PBXCopyFilesBuildPhase section */

/* Begin PBXFileReference section */
		4806B4851D988E9D005097B3 /* TabState.swift */ = {isa = PBXFileReference; fileEncoding = 4; lastKnownFileType = sourcecode.swift; path = TabState.swift; sourceTree = "<group>"; };
		4838A43F1D983B580055ED50 /* TabSwitcher.app */ = {isa = PBXFileReference; explicitFileType = wrapper.application; includeInIndex = 0; path = TabSwitcher.app; sourceTree = BUILT_PRODUCTS_DIR; };
		4838A4421D983B580055ED50 /* AppDelegate.swift */ = {isa = PBXFileReference; lastKnownFileType = sourcecode.swift; path = AppDelegate.swift; sourceTree = "<group>"; };
		4838A4441D983B580055ED50 /* ViewController.swift */ = {isa = PBXFileReference; lastKnownFileType = sourcecode.swift; path = ViewController.swift; sourceTree = "<group>"; };
		4838A4471D983B580055ED50 /* Base */ = {isa = PBXFileReference; lastKnownFileType = file.storyboard; name = Base; path = Base.lproj/Main.storyboard; sourceTree = "<group>"; };
		4838A4491D983B580055ED50 /* Assets.xcassets */ = {isa = PBXFileReference; lastKnownFileType = folder.assetcatalog; path = Assets.xcassets; sourceTree = "<group>"; };
		4838A44C1D983B580055ED50 /* Base */ = {isa = PBXFileReference; lastKnownFileType = file.storyboard; name = Base; path = Base.lproj/LaunchScreen.storyboard; sourceTree = "<group>"; };
		4838A44E1D983B580055ED50 /* Info.plist */ = {isa = PBXFileReference; lastKnownFileType = text.plist.xml; path = Info.plist; sourceTree = "<group>"; };
		4838A4531D983B580055ED50 /* TabSwitcherTests.xctest */ = {isa = PBXFileReference; explicitFileType = wrapper.cfbundle; includeInIndex = 0; path = TabSwitcherTests.xctest; sourceTree = BUILT_PRODUCTS_DIR; };
		4838A4571D983B580055ED50 /* TabSwitcherTests.swift */ = {isa = PBXFileReference; lastKnownFileType = sourcecode.swift; path = TabSwitcherTests.swift; sourceTree = "<group>"; };
		4838A4591D983B580055ED50 /* Info.plist */ = {isa = PBXFileReference; lastKnownFileType = text.plist.xml; path = Info.plist; sourceTree = "<group>"; };
		4838A45E1D983B580055ED50 /* TabSwitcherUITests.xctest */ = {isa = PBXFileReference; explicitFileType = wrapper.cfbundle; includeInIndex = 0; path = TabSwitcherUITests.xctest; sourceTree = BUILT_PRODUCTS_DIR; };
		4838A4621D983B580055ED50 /* TabSwitcherUITests.swift */ = {isa = PBXFileReference; lastKnownFileType = sourcecode.swift; path = TabSwitcherUITests.swift; sourceTree = "<group>"; };
		4838A4641D983B580055ED50 /* Info.plist */ = {isa = PBXFileReference; lastKnownFileType = text.plist.xml; path = Info.plist; sourceTree = "<group>"; };
		4838A4701D9840C40055ED50 /* TabButton.swift */ = {isa = PBXFileReference; fileEncoding = 4; lastKnownFileType = sourcecode.swift; path = TabButton.swift; sourceTree = "<group>"; };
		4838A4731D9840DB0055ED50 /* Cartography.framework */ = {isa = PBXFileReference; lastKnownFileType = wrapper.framework; name = Cartography.framework; path = Carthage/Build/iOS/Cartography.framework; sourceTree = "<group>"; };
		4838A4751D9840E00055ED50 /* Cartography.framework.dSYM */ = {isa = PBXFileReference; lastKnownFileType = wrapper.dsym; name = Cartography.framework.dSYM; path = Carthage/Build/iOS/Cartography.framework.dSYM; sourceTree = "<group>"; };
/* End PBXFileReference section */

/* Begin PBXFrameworksBuildPhase section */
		4838A43C1D983B570055ED50 /* Frameworks */ = {
			isa = PBXFrameworksBuildPhase;
			buildActionMask = 2147483647;
			files = (
			);
			runOnlyForDeploymentPostprocessing = 0;
		};
		4838A4501D983B580055ED50 /* Frameworks */ = {
			isa = PBXFrameworksBuildPhase;
			buildActionMask = 2147483647;
			files = (
			);
			runOnlyForDeploymentPostprocessing = 0;
		};
		4838A45B1D983B580055ED50 /* Frameworks */ = {
			isa = PBXFrameworksBuildPhase;
			buildActionMask = 2147483647;
			files = (
			);
			runOnlyForDeploymentPostprocessing = 0;
		};
/* End PBXFrameworksBuildPhase section */

/* Begin PBXGroup section */
		4806B4871D988EA2005097B3 /* Tab */ = {
			isa = PBXGroup;
			children = (
				4806B4851D988E9D005097B3 /* TabState.swift */,
				4838A4701D9840C40055ED50 /* TabButton.swift */,
			);
			name = Tab;
			sourceTree = "<group>";
		};
		4838A4361D983B570055ED50 = {
			isa = PBXGroup;
			children = (
				4838A4411D983B580055ED50 /* TabSwitcher */,
				4838A4561D983B580055ED50 /* TabSwitcherTests */,
				4838A4611D983B580055ED50 /* TabSwitcherUITests */,
				4838A4401D983B580055ED50 /* Products */,
				4838A4721D9840DB0055ED50 /* Frameworks */,
			);
			sourceTree = "<group>";
		};
		4838A4401D983B580055ED50 /* Products */ = {
			isa = PBXGroup;
			children = (
				4838A43F1D983B580055ED50 /* TabSwitcher.app */,
				4838A4531D983B580055ED50 /* TabSwitcherTests.xctest */,
				4838A45E1D983B580055ED50 /* TabSwitcherUITests.xctest */,
			);
			name = Products;
			sourceTree = "<group>";
		};
		4838A4411D983B580055ED50 /* TabSwitcher */ = {
			isa = PBXGroup;
			children = (
				4806B4871D988EA2005097B3 /* Tab */,
				4838A4421D983B580055ED50 /* AppDelegate.swift */,
				4838A4441D983B580055ED50 /* ViewController.swift */,
				4838A4491D983B580055ED50 /* Assets.xcassets */,
				4838A4461D983B580055ED50 /* Main.storyboard */,
				4838A44B1D983B580055ED50 /* LaunchScreen.storyboard */,
				4838A44E1D983B580055ED50 /* Info.plist */,
			);
			path = TabSwitcher;
			sourceTree = "<group>";
		};
		4838A4561D983B580055ED50 /* TabSwitcherTests */ = {
			isa = PBXGroup;
			children = (
				4838A4571D983B580055ED50 /* TabSwitcherTests.swift */,
				4838A4591D983B580055ED50 /* Info.plist */,
			);
			path = TabSwitcherTests;
			sourceTree = "<group>";
		};
		4838A4611D983B580055ED50 /* TabSwitcherUITests */ = {
			isa = PBXGroup;
			children = (
				4838A4621D983B580055ED50 /* TabSwitcherUITests.swift */,
				4838A4641D983B580055ED50 /* Info.plist */,
			);
			path = TabSwitcherUITests;
			sourceTree = "<group>";
		};
		4838A4721D9840DB0055ED50 /* Frameworks */ = {
			isa = PBXGroup;
			children = (
				4838A4751D9840E00055ED50 /* Cartography.framework.dSYM */,
				4838A4731D9840DB0055ED50 /* Cartography.framework */,
			);
			name = Frameworks;
			sourceTree = "<group>";
		};
/* End PBXGroup section */

/* Begin PBXNativeTarget section */
		4838A43E1D983B570055ED50 /* TabSwitcher */ = {
			isa = PBXNativeTarget;
			buildConfigurationList = 4838A4671D983B580055ED50 /* Build configuration list for PBXNativeTarget "TabSwitcher" */;
			buildPhases = (
				4838A43B1D983B570055ED50 /* Sources */,
				4838A43C1D983B570055ED50 /* Frameworks */,
				4838A43D1D983B570055ED50 /* Resources */,
				4838A4781D9848670055ED50 /* CopyFiles */,
				4838A47C1D9848B80055ED50 /* Embed Frameworks */,
			);
			buildRules = (
			);
			dependencies = (
			);
			name = TabSwitcher;
			productName = TabSwitcher;
			productReference = 4838A43F1D983B580055ED50 /* TabSwitcher.app */;
			productType = "com.apple.product-type.application";
		};
		4838A4521D983B580055ED50 /* TabSwitcherTests */ = {
			isa = PBXNativeTarget;
			buildConfigurationList = 4838A46A1D983B580055ED50 /* Build configuration list for PBXNativeTarget "TabSwitcherTests" */;
			buildPhases = (
				4838A44F1D983B580055ED50 /* Sources */,
				4838A4501D983B580055ED50 /* Frameworks */,
				4838A4511D983B580055ED50 /* Resources */,
			);
			buildRules = (
			);
			dependencies = (
				4838A4551D983B580055ED50 /* PBXTargetDependency */,
			);
			name = TabSwitcherTests;
			productName = TabSwitcherTests;
			productReference = 4838A4531D983B580055ED50 /* TabSwitcherTests.xctest */;
			productType = "com.apple.product-type.bundle.unit-test";
		};
		4838A45D1D983B580055ED50 /* TabSwitcherUITests */ = {
			isa = PBXNativeTarget;
			buildConfigurationList = 4838A46D1D983B580055ED50 /* Build configuration list for PBXNativeTarget "TabSwitcherUITests" */;
			buildPhases = (
				4838A45A1D983B580055ED50 /* Sources */,
				4838A45B1D983B580055ED50 /* Frameworks */,
				4838A45C1D983B580055ED50 /* Resources */,
			);
			buildRules = (
			);
			dependencies = (
				4838A4601D983B580055ED50 /* PBXTargetDependency */,
			);
			name = TabSwitcherUITests;
			productName = TabSwitcherUITests;
			productReference = 4838A45E1D983B580055ED50 /* TabSwitcherUITests.xctest */;
			productType = "com.apple.product-type.bundle.ui-testing";
		};
/* End PBXNativeTarget section */

/* Begin PBXProject section */
		4838A4371D983B570055ED50 /* Project object */ = {
			isa = PBXProject;
			attributes = {
				LastSwiftUpdateCheck = 0800;
				LastUpgradeCheck = 0800;
				ORGANIZATIONNAME = "Ivo Silva";
				TargetAttributes = {
					4838A43E1D983B570055ED50 = {
						CreatedOnToolsVersion = 8.0;
						DevelopmentTeam = Y2K462NH2D;
						ProvisioningStyle = Automatic;
					};
					4838A4521D983B580055ED50 = {
						CreatedOnToolsVersion = 8.0;
						DevelopmentTeam = Y2K462NH2D;
						ProvisioningStyle = Automatic;
						TestTargetID = 4838A43E1D983B570055ED50;
					};
					4838A45D1D983B580055ED50 = {
						CreatedOnToolsVersion = 8.0;
						DevelopmentTeam = Y2K462NH2D;
						ProvisioningStyle = Automatic;
						TestTargetID = 4838A43E1D983B570055ED50;
					};
				};
			};
			buildConfigurationList = 4838A43A1D983B570055ED50 /* Build configuration list for PBXProject "TabSwitcher" */;
			compatibilityVersion = "Xcode 3.2";
			developmentRegion = English;
			hasScannedForEncodings = 0;
			knownRegions = (
				en,
				Base,
			);
			mainGroup = 4838A4361D983B570055ED50;
			productRefGroup = 4838A4401D983B580055ED50 /* Products */;
			projectDirPath = "";
			projectRoot = "";
			targets = (
				4838A43E1D983B570055ED50 /* TabSwitcher */,
				4838A4521D983B580055ED50 /* TabSwitcherTests */,
				4838A45D1D983B580055ED50 /* TabSwitcherUITests */,
			);
		};
/* End PBXProject section */

/* Begin PBXResourcesBuildPhase section */
		4838A43D1D983B570055ED50 /* Resources */ = {
			isa = PBXResourcesBuildPhase;
			buildActionMask = 2147483647;
			files = (
				4838A44D1D983B580055ED50 /* LaunchScreen.storyboard in Resources */,
				4838A44A1D983B580055ED50 /* Assets.xcassets in Resources */,
				4838A4481D983B580055ED50 /* Main.storyboard in Resources */,
			);
			runOnlyForDeploymentPostprocessing = 0;
		};
		4838A4511D983B580055ED50 /* Resources */ = {
			isa = PBXResourcesBuildPhase;
			buildActionMask = 2147483647;
			files = (
			);
			runOnlyForDeploymentPostprocessing = 0;
		};
		4838A45C1D983B580055ED50 /* Resources */ = {
			isa = PBXResourcesBuildPhase;
			buildActionMask = 2147483647;
			files = (
			);
			runOnlyForDeploymentPostprocessing = 0;
		};
/* End PBXResourcesBuildPhase section */

/* Begin PBXSourcesBuildPhase section */
		4838A43B1D983B570055ED50 /* Sources */ = {
			isa = PBXSourcesBuildPhase;
			buildActionMask = 2147483647;
			files = (
				4838A4711D9840C40055ED50 /* TabButton.swift in Sources */,
				4806B4861D988E9D005097B3 /* TabState.swift in Sources */,
				4838A4451D983B580055ED50 /* ViewController.swift in Sources */,
				4838A4431D983B580055ED50 /* AppDelegate.swift in Sources */,
			);
			runOnlyForDeploymentPostprocessing = 0;
		};
		4838A44F1D983B580055ED50 /* Sources */ = {
			isa = PBXSourcesBuildPhase;
			buildActionMask = 2147483647;
			files = (
				4838A4581D983B580055ED50 /* TabSwitcherTests.swift in Sources */,
			);
			runOnlyForDeploymentPostprocessing = 0;
		};
		4838A45A1D983B580055ED50 /* Sources */ = {
			isa = PBXSourcesBuildPhase;
			buildActionMask = 2147483647;
			files = (
				4838A4631D983B580055ED50 /* TabSwitcherUITests.swift in Sources */,
			);
			runOnlyForDeploymentPostprocessing = 0;
		};
/* End PBXSourcesBuildPhase section */

/* Begin PBXTargetDependency section */
		4838A4551D983B580055ED50 /* PBXTargetDependency */ = {
			isa = PBXTargetDependency;
			target = 4838A43E1D983B570055ED50 /* TabSwitcher */;
			targetProxy = 4838A4541D983B580055ED50 /* PBXContainerItemProxy */;
		};
		4838A4601D983B580055ED50 /* PBXTargetDependency */ = {
			isa = PBXTargetDependency;
			target = 4838A43E1D983B570055ED50 /* TabSwitcher */;
			targetProxy = 4838A45F1D983B580055ED50 /* PBXContainerItemProxy */;
		};
/* End PBXTargetDependency section */

/* Begin PBXVariantGroup section */
		4838A4461D983B580055ED50 /* Main.storyboard */ = {
			isa = PBXVariantGroup;
			children = (
				4838A4471D983B580055ED50 /* Base */,
			);
			name = Main.storyboard;
			sourceTree = "<group>";
		};
		4838A44B1D983B580055ED50 /* LaunchScreen.storyboard */ = {
			isa = PBXVariantGroup;
			children = (
				4838A44C1D983B580055ED50 /* Base */,
			);
			name = LaunchScreen.storyboard;
			sourceTree = "<group>";
		};
/* End PBXVariantGroup section */

/* Begin XCBuildConfiguration section */
		4838A4651D983B580055ED50 /* Debug */ = {
			isa = XCBuildConfiguration;
			buildSettings = {
				ALWAYS_SEARCH_USER_PATHS = NO;
				CLANG_ANALYZER_NONNULL = YES;
				CLANG_CXX_LANGUAGE_STANDARD = "gnu++0x";
				CLANG_CXX_LIBRARY = "libc++";
				CLANG_ENABLE_MODULES = YES;
				CLANG_ENABLE_OBJC_ARC = YES;
				CLANG_WARN_BOOL_CONVERSION = YES;
				CLANG_WARN_CONSTANT_CONVERSION = YES;
				CLANG_WARN_DIRECT_OBJC_ISA_USAGE = YES_ERROR;
				CLANG_WARN_DOCUMENTATION_COMMENTS = YES;
				CLANG_WARN_EMPTY_BODY = YES;
				CLANG_WARN_ENUM_CONVERSION = YES;
				CLANG_WARN_INFINITE_RECURSION = YES;
				CLANG_WARN_INT_CONVERSION = YES;
				CLANG_WARN_OBJC_ROOT_CLASS = YES_ERROR;
				CLANG_WARN_SUSPICIOUS_MOVES = YES;
				CLANG_WARN_UNREACHABLE_CODE = YES;
				CLANG_WARN__DUPLICATE_METHOD_MATCH = YES;
				"CODE_SIGN_IDENTITY[sdk=iphoneos*]" = "iPhone Developer";
				COPY_PHASE_STRIP = NO;
				DEBUG_INFORMATION_FORMAT = dwarf;
				ENABLE_STRICT_OBJC_MSGSEND = YES;
				ENABLE_TESTABILITY = YES;
				GCC_C_LANGUAGE_STANDARD = gnu99;
				GCC_DYNAMIC_NO_PIC = NO;
				GCC_NO_COMMON_BLOCKS = YES;
				GCC_OPTIMIZATION_LEVEL = 0;
				GCC_PREPROCESSOR_DEFINITIONS = (
					"DEBUG=1",
					"$(inherited)",
				);
				GCC_WARN_64_TO_32_BIT_CONVERSION = YES;
				GCC_WARN_ABOUT_RETURN_TYPE = YES_ERROR;
				GCC_WARN_UNDECLARED_SELECTOR = YES;
				GCC_WARN_UNINITIALIZED_AUTOS = YES_AGGRESSIVE;
				GCC_WARN_UNUSED_FUNCTION = YES;
				GCC_WARN_UNUSED_VARIABLE = YES;
				IPHONEOS_DEPLOYMENT_TARGET = 10.0;
				MTL_ENABLE_DEBUG_INFO = YES;
				ONLY_ACTIVE_ARCH = YES;
				SDKROOT = iphoneos;
				SWIFT_ACTIVE_COMPILATION_CONDITIONS = DEBUG;
				SWIFT_OPTIMIZATION_LEVEL = "-Onone";
			};
			name = Debug;
		};
		4838A4661D983B580055ED50 /* Release */ = {
			isa = XCBuildConfiguration;
			buildSettings = {
				ALWAYS_SEARCH_USER_PATHS = NO;
				CLANG_ANALYZER_NONNULL = YES;
				CLANG_CXX_LANGUAGE_STANDARD = "gnu++0x";
				CLANG_CXX_LIBRARY = "libc++";
				CLANG_ENABLE_MODULES = YES;
				CLANG_ENABLE_OBJC_ARC = YES;
				CLANG_WARN_BOOL_CONVERSION = YES;
				CLANG_WARN_CONSTANT_CONVERSION = YES;
				CLANG_WARN_DIRECT_OBJC_ISA_USAGE = YES_ERROR;
				CLANG_WARN_DOCUMENTATION_COMMENTS = YES;
				CLANG_WARN_EMPTY_BODY = YES;
				CLANG_WARN_ENUM_CONVERSION = YES;
				CLANG_WARN_INFINITE_RECURSION = YES;
				CLANG_WARN_INT_CONVERSION = YES;
				CLANG_WARN_OBJC_ROOT_CLASS = YES_ERROR;
				CLANG_WARN_SUSPICIOUS_MOVES = YES;
				CLANG_WARN_UNREACHABLE_CODE = YES;
				CLANG_WARN__DUPLICATE_METHOD_MATCH = YES;
				"CODE_SIGN_IDENTITY[sdk=iphoneos*]" = "iPhone Developer";
				COPY_PHASE_STRIP = NO;
				DEBUG_INFORMATION_FORMAT = "dwarf-with-dsym";
				ENABLE_NS_ASSERTIONS = NO;
				ENABLE_STRICT_OBJC_MSGSEND = YES;
				GCC_C_LANGUAGE_STANDARD = gnu99;
				GCC_NO_COMMON_BLOCKS = YES;
				GCC_WARN_64_TO_32_BIT_CONVERSION = YES;
				GCC_WARN_ABOUT_RETURN_TYPE = YES_ERROR;
				GCC_WARN_UNDECLARED_SELECTOR = YES;
				GCC_WARN_UNINITIALIZED_AUTOS = YES_AGGRESSIVE;
				GCC_WARN_UNUSED_FUNCTION = YES;
				GCC_WARN_UNUSED_VARIABLE = YES;
				IPHONEOS_DEPLOYMENT_TARGET = 10.0;
				MTL_ENABLE_DEBUG_INFO = NO;
				SDKROOT = iphoneos;
				SWIFT_OPTIMIZATION_LEVEL = "-Owholemodule";
				VALIDATE_PRODUCT = YES;
			};
			name = Release;
		};
		4838A4681D983B580055ED50 /* Debug */ = {
			isa = XCBuildConfiguration;
			buildSettings = {
				ASSETCATALOG_COMPILER_APPICON_NAME = AppIcon;
				DEVELOPMENT_TEAM = Y2K462NH2D;
				FRAMEWORK_SEARCH_PATHS = (
					"$(inherited)",
					"$(PROJECT_DIR)/Carthage/Build/iOS",
				);
				INFOPLIST_FILE = TabSwitcher/Info.plist;
				LD_RUNPATH_SEARCH_PATHS = "$(inherited) @executable_path/Frameworks";
				PRODUCT_BUNDLE_IDENTIFIER = ivopintodasilva.TabSwitcher;
				PRODUCT_NAME = "$(TARGET_NAME)";
				SWIFT_VERSION = 3.0;
			};
			name = Debug;
		};
		4838A4691D983B580055ED50 /* Release */ = {
			isa = XCBuildConfiguration;
			buildSettings = {
				ASSETCATALOG_COMPILER_APPICON_NAME = AppIcon;
				DEVELOPMENT_TEAM = Y2K462NH2D;
				FRAMEWORK_SEARCH_PATHS = (
					"$(inherited)",
					"$(PROJECT_DIR)/Carthage/Build/iOS",
				);
				INFOPLIST_FILE = TabSwitcher/Info.plist;
				LD_RUNPATH_SEARCH_PATHS = "$(inherited) @executable_path/Frameworks";
				PRODUCT_BUNDLE_IDENTIFIER = ivopintodasilva.TabSwitcher;
				PRODUCT_NAME = "$(TARGET_NAME)";
				SWIFT_VERSION = 3.0;
			};
			name = Release;
		};
		4838A46B1D983B580055ED50 /* Debug */ = {
			isa = XCBuildConfiguration;
			buildSettings = {
				ALWAYS_EMBED_SWIFT_STANDARD_LIBRARIES = YES;
				BUNDLE_LOADER = "$(TEST_HOST)";
				DEVELOPMENT_TEAM = Y2K462NH2D;
				INFOPLIST_FILE = TabSwitcherTests/Info.plist;
				LD_RUNPATH_SEARCH_PATHS = "$(inherited) @executable_path/Frameworks @loader_path/Frameworks";
				PRODUCT_BUNDLE_IDENTIFIER = ivopintodasilva.TabSwitcherTests;
				PRODUCT_NAME = "$(TARGET_NAME)";
				SWIFT_VERSION = 3.0;
				TEST_HOST = "$(BUILT_PRODUCTS_DIR)/TabSwitcher.app/TabSwitcher";
			};
			name = Debug;
		};
		4838A46C1D983B580055ED50 /* Release */ = {
			isa = XCBuildConfiguration;
			buildSettings = {
				ALWAYS_EMBED_SWIFT_STANDARD_LIBRARIES = YES;
				BUNDLE_LOADER = "$(TEST_HOST)";
				DEVELOPMENT_TEAM = Y2K462NH2D;
				INFOPLIST_FILE = TabSwitcherTests/Info.plist;
				LD_RUNPATH_SEARCH_PATHS = "$(inherited) @executable_path/Frameworks @loader_path/Frameworks";
				PRODUCT_BUNDLE_IDENTIFIER = ivopintodasilva.TabSwitcherTests;
				PRODUCT_NAME = "$(TARGET_NAME)";
				SWIFT_VERSION = 3.0;
				TEST_HOST = "$(BUILT_PRODUCTS_DIR)/TabSwitcher.app/TabSwitcher";
			};
			name = Release;
		};
		4838A46E1D983B580055ED50 /* Debug */ = {
			isa = XCBuildConfiguration;
			buildSettings = {
				ALWAYS_EMBED_SWIFT_STANDARD_LIBRARIES = YES;
				DEVELOPMENT_TEAM = Y2K462NH2D;
				INFOPLIST_FILE = TabSwitcherUITests/Info.plist;
				LD_RUNPATH_SEARCH_PATHS = "$(inherited) @executable_path/Frameworks @loader_path/Frameworks";
				PRODUCT_BUNDLE_IDENTIFIER = ivopintodasilva.TabSwitcherUITests;
				PRODUCT_NAME = "$(TARGET_NAME)";
				SWIFT_VERSION = 3.0;
				TEST_TARGET_NAME = TabSwitcher;
			};
			name = Debug;
		};
		4838A46F1D983B580055ED50 /* Release */ = {
			isa = XCBuildConfiguration;
			buildSettings = {
				ALWAYS_EMBED_SWIFT_STANDARD_LIBRARIES = YES;
				DEVELOPMENT_TEAM = Y2K462NH2D;
				INFOPLIST_FILE = TabSwitcherUITests/Info.plist;
				LD_RUNPATH_SEARCH_PATHS = "$(inherited) @executable_path/Frameworks @loader_path/Frameworks";
				PRODUCT_BUNDLE_IDENTIFIER = ivopintodasilva.TabSwitcherUITests;
				PRODUCT_NAME = "$(TARGET_NAME)";
				SWIFT_VERSION = 3.0;
				TEST_TARGET_NAME = TabSwitcher;
			};
			name = Release;
		};
/* End XCBuildConfiguration section */

/* Begin XCConfigurationList section */
		4838A43A1D983B570055ED50 /* Build configuration list for PBXProject "TabSwitcher" */ = {
			isa = XCConfigurationList;
			buildConfigurations = (
				4838A4651D983B580055ED50 /* Debug */,
				4838A4661D983B580055ED50 /* Release */,
			);
			defaultConfigurationIsVisible = 0;
			defaultConfigurationName = Release;
		};
		4838A4671D983B580055ED50 /* Build configuration list for PBXNativeTarget "TabSwitcher" */ = {
			isa = XCConfigurationList;
			buildConfigurations = (
				4838A4681D983B580055ED50 /* Debug */,
				4838A4691D983B580055ED50 /* Release */,
			);
			defaultConfigurationIsVisible = 0;
			defaultConfigurationName = Release;
		};
		4838A46A1D983B580055ED50 /* Build configuration list for PBXNativeTarget "TabSwitcherTests" */ = {
			isa = XCConfigurationList;
			buildConfigurations = (
				4838A46B1D983B580055ED50 /* Debug */,
				4838A46C1D983B580055ED50 /* Release */,
			);
			defaultConfigurationIsVisible = 0;
			defaultConfigurationName = Release;
		};
		4838A46D1D983B580055ED50 /* Build configuration list for PBXNativeTarget "TabSwitcherUITests" */ = {
			isa = XCConfigurationList;
			buildConfigurations = (
				4838A46E1D983B580055ED50 /* Debug */,
				4838A46F1D983B580055ED50 /* Release */,
			);
			defaultConfigurationIsVisible = 0;
			defaultConfigurationName = Release;
		};
/* End XCConfigurationList section */
	};
	rootObject = 4838A4371D983B570055ED50 /* Project object */;
}
